
Microsoft Visual Studio Solution File, Format Version 12.00
# Visual Studio Version 17
VisualStudioVersion = 17.10.35013.160
MinimumVisualStudioVersion = 10.0.40219.1
Project("{FAE04EC0-301F-11D3-BF4B-00C04F79EFBC}") = "App1", "App1.csproj", "{FF9F62D3-8479-4661-9E31-777C128012AA}"
EndProject
Project("{FAE04EC0-301F-11D3-BF4B-00C04F79EFBC}") = "ClassLibrary1", "..\ClassLibrary1\ClassLibrary1.csproj", "{8B644A4E-07A1-4B62-AE31-F8BA2A9946AE}"
EndProject
Project("{FAE04EC0-301F-11D3-BF4B-00C04F79EFBC}") = "ClassLibrary2", "..\ClassLibrary2\ClassLibrary2.csproj", "{1F3A54A8-EE82-44CB-9F56-A6AF873BEA1A}"
EndProject
Project("{FAE04EC0-301F-11D3-BF4B-00C04F79EFBC}") = "ClassLibrary3", "..\ClassLibrary3\ClassLibrary3.csproj", "{134A123E-A7A4-4D93-90A6-83D61DC5125B}"
EndProject
Project("{FAE04EC0-301F-11D3-BF4B-00C04F79EFBC}") = "ClassLibrary4", "..\ClassLibrary4\ClassLibrary4.csproj", "{250F0C58-E0D4-4348-A841-955E9E4D9820}"
EndProject
Global
	GlobalSection(SolutionConfigurationPlatforms) = preSolution
		Debug|Any CPU = Debug|Any CPU
		Debug|ARM = Debug|ARM
		Debug|ARM64 = Debug|ARM64
		Debug|x64 = Debug|x64
		Debug|x86 = Debug|x86
		Release|Any CPU = Release|Any CPU
		Release|ARM = Release|ARM
		Release|ARM64 = Release|ARM64
		Release|x64 = Release|x64
		Release|x86 = Release|x86
	EndGlobalSection
	GlobalSection(ProjectConfigurationPlatforms) = postSolution
		{FF9F62D3-8479-4661-9E31-777C128012AA}.Debug|Any CPU.ActiveCfg = Debug|x64
		{FF9F62D3-8479-4661-9E31-777C128012AA}.Debug|Any CPU.Build.0 = Debug|x64
		{FF9F62D3-8479-4661-9E31-777C128012AA}.Debug|Any CPU.Deploy.0 = Debug|x64
		{FF9F62D3-8479-4661-9E31-777C128012AA}.Debug|ARM.ActiveCfg = Debug|ARM
		{FF9F62D3-8479-4661-9E31-777C128012AA}.Debug|ARM.Build.0 = Debug|ARM
		{FF9F62D3-8479-4661-9E31-777C128012AA}.Debug|ARM.Deploy.0 = Debug|ARM
		{FF9F62D3-8479-4661-9E31-777C128012AA}.Debug|ARM64.ActiveCfg = Debug|ARM64
		{FF9F62D3-8479-4661-9E31-777C128012AA}.Debug|ARM64.Build.0 = Debug|ARM64
		{FF9F62D3-8479-4661-9E31-777C128012AA}.Debug|ARM64.Deploy.0 = Debug|ARM64
		{FF9F62D3-8479-4661-9E31-777C128012AA}.Debug|x64.ActiveCfg = Debug|x64
		{FF9F62D3-8479-4661-9E31-777C128012AA}.Debug|x64.Build.0 = Debug|x64
		{FF9F62D3-8479-4661-9E31-777C128012AA}.Debug|x64.Deploy.0 = Debug|x64
		{FF9F62D3-8479-4661-9E31-777C128012AA}.Debug|x86.ActiveCfg = Debug|x86
		{FF9F62D3-8479-4661-9E31-777C128012AA}.Debug|x86.Build.0 = Debug|x86
		{FF9F62D3-8479-4661-9E31-777C128012AA}.Debug|x86.Deploy.0 = Debug|x86
		{FF9F62D3-8479-4661-9E31-777C128012AA}.Release|Any CPU.ActiveCfg = Release|x64
		{FF9F62D3-8479-4661-9E31-777C128012AA}.Release|Any CPU.Build.0 = Release|x64
		{FF9F62D3-8479-4661-9E31-777C128012AA}.Release|Any CPU.Deploy.0 = Release|x64
		{FF9F62D3-8479-4661-9E31-777C128012AA}.Release|ARM.ActiveCfg = Release|ARM
		{FF9F62D3-8479-4661-9E31-777C128012AA}.Release|ARM.Build.0 = Release|ARM
		{FF9F62D3-8479-4661-9E31-777C128012AA}.Release|ARM.Deploy.0 = Release|ARM
		{FF9F62D3-8479-4661-9E31-777C128012AA}.Release|ARM64.ActiveCfg = Release|ARM64
		{FF9F62D3-8479-4661-9E31-777C128012AA}.Release|ARM64.Build.0 = Release|ARM64
		{FF9F62D3-8479-4661-9E31-777C128012AA}.Release|ARM64.Deploy.0 = Release|ARM64
		{FF9F62D3-8479-4661-9E31-777C128012AA}.Release|x64.ActiveCfg = Release|x64
		{FF9F62D3-8479-4661-9E31-777C128012AA}.Release|x64.Build.0 = Release|x64
		{FF9F62D3-8479-4661-9E31-777C128012AA}.Release|x64.Deploy.0 = Release|x64
		{FF9F62D3-8479-4661-9E31-777C128012AA}.Release|x86.ActiveCfg = Release|x86
		{FF9F62D3-8479-4661-9E31-777C128012AA}.Release|x86.Build.0 = Release|x86
		{FF9F62D3-8479-4661-9E31-777C128012AA}.Release|x86.Deploy.0 = Release|x86
		{8B644A4E-07A1-4B62-AE31-F8BA2A9946AE}.Debug|Any CPU.ActiveCfg = Debug|Any CPU
		{8B644A4E-07A1-4B62-AE31-F8BA2A9946AE}.Debug|Any CPU.Build.0 = Debug|Any CPU
		{8B644A4E-07A1-4B62-AE31-F8BA2A9946AE}.Debug|ARM.ActiveCfg = Debug|Any CPU
		{8B644A4E-07A1-4B62-AE31-F8BA2A9946AE}.Debug|ARM.Build.0 = Debug|Any CPU
		{8B644A4E-07A1-4B62-AE31-F8BA2A9946AE}.Debug|ARM64.ActiveCfg = Debug|Any CPU
		{8B644A4E-07A1-4B62-AE31-F8BA2A9946AE}.Debug|ARM64.Build.0 = Debug|Any CPU
		{8B644A4E-07A1-4B62-AE31-F8BA2A9946AE}.Debug|x64.ActiveCfg = Debug|Any CPU
		{8B644A4E-07A1-4B62-AE31-F8BA2A9946AE}.Debug|x64.Build.0 = Debug|Any CPU
		{8B644A4E-07A1-4B62-AE31-F8BA2A9946AE}.Debug|x86.ActiveCfg = Debug|Any CPU
		{8B644A4E-07A1-4B62-AE31-F8BA2A9946AE}.Debug|x86.Build.0 = Debug|Any CPU
		{8B644A4E-07A1-4B62-AE31-F8BA2A9946AE}.Release|Any CPU.ActiveCfg = Release|Any CPU
		{8B644A4E-07A1-4B62-AE31-F8BA2A9946AE}.Release|Any CPU.Build.0 = Release|Any CPU
		{8B644A4E-07A1-4B62-AE31-F8BA2A9946AE}.Release|ARM.ActiveCfg = Release|Any CPU
		{8B644A4E-07A1-4B62-AE31-F8BA2A9946AE}.Release|ARM.Build.0 = Release|Any CPU
		{8B644A4E-07A1-4B62-AE31-F8BA2A9946AE}.Release|ARM64.ActiveCfg = Release|Any CPU
		{8B644A4E-07A1-4B62-AE31-F8BA2A9946AE}.Release|ARM64.Build.0 = Release|Any CPU
		{8B644A4E-07A1-4B62-AE31-F8BA2A9946AE}.Release|x64.ActiveCfg = Release|Any CPU
		{8B644A4E-07A1-4B62-AE31-F8BA2A9946AE}.Release|x64.Build.0 = Release|Any CPU
		{8B644A4E-07A1-4B62-AE31-F8BA2A9946AE}.Release|x86.ActiveCfg = Release|Any CPU
		{8B644A4E-07A1-4B62-AE31-F8BA2A9946AE}.Release|x86.Build.0 = Release|Any CPU
		{1F3A54A8-EE82-44CB-9F56-A6AF873BEA1A}.Debug|Any CPU.ActiveCfg = Debug|Any CPU
		{1F3A54A8-EE82-44CB-9F56-A6AF873BEA1A}.Debug|Any CPU.Build.0 = Debug|Any CPU
		{1F3A54A8-EE82-44CB-9F56-A6AF873BEA1A}.Debug|ARM.ActiveCfg = Debug|Any CPU
		{1F3A54A8-EE82-44CB-9F56-A6AF873BEA1A}.Debug|ARM.Build.0 = Debug|Any CPU
		{1F3A54A8-EE82-44CB-9F56-A6AF873BEA1A}.Debug|ARM64.ActiveCfg = Debug|Any CPU
		{1F3A54A8-EE82-44CB-9F56-A6AF873BEA1A}.Debug|ARM64.Build.0 = Debug|Any CPU
		{1F3A54A8-EE82-44CB-9F56-A6AF873BEA1A}.Debug|x64.ActiveCfg = Debug|Any CPU
		{1F3A54A8-EE82-44CB-9F56-A6AF873BEA1A}.Debug|x64.Build.0 = Debug|Any CPU
		{1F3A54A8-EE82-44CB-9F56-A6AF873BEA1A}.Debug|x86.ActiveCfg = Debug|Any CPU
		{1F3A54A8-EE82-44CB-9F56-A6AF873BEA1A}.Debug|x86.Build.0 = Debug|Any CPU
		{1F3A54A8-EE82-44CB-9F56-A6AF873BEA1A}.Release|Any CPU.ActiveCfg = Release|Any CPU
		{1F3A54A8-EE82-44CB-9F56-A6AF873BEA1A}.Release|Any CPU.Build.0 = Release|Any CPU
		{1F3A54A8-EE82-44CB-9F56-A6AF873BEA1A}.Release|ARM.ActiveCfg = Release|Any CPU
		{1F3A54A8-EE82-44CB-9F56-A6AF873BEA1A}.Release|ARM.Build.0 = Release|Any CPU
		{1F3A54A8-EE82-44CB-9F56-A6AF873BEA1A}.Release|ARM64.ActiveCfg = Release|Any CPU
		{1F3A54A8-EE82-44CB-9F56-A6AF873BEA1A}.Release|ARM64.Build.0 = Release|Any CPU
		{1F3A54A8-EE82-44CB-9F56-A6AF873BEA1A}.Release|x64.ActiveCfg = Release|Any CPU
		{1F3A54A8-EE82-44CB-9F56-A6AF873BEA1A}.Release|x64.Build.0 = Release|Any CPU
		{1F3A54A8-EE82-44CB-9F56-A6AF873BEA1A}.Release|x86.ActiveCfg = Release|Any CPU
		{1F3A54A8-EE82-44CB-9F56-A6AF873BEA1A}.Release|x86.Build.0 = Release|Any CPU
		{134A123E-A7A4-4D93-90A6-83D61DC5125B}.Debug|Any CPU.ActiveCfg = Debug|Any CPU
		{134A123E-A7A4-4D93-90A6-83D61DC5125B}.Debug|Any CPU.Build.0 = Debug|Any CPU
		{134A123E-A7A4-4D93-90A6-83D61DC5125B}.Debug|ARM.ActiveCfg = Debug|ARM
		{134A123E-A7A4-4D93-90A6-83D61DC5125B}.Debug|ARM.Build.0 = Debug|ARM
		{134A123E-A7A4-4D93-90A6-83D61DC5125B}.Debug|ARM64.ActiveCfg = Debug|ARM64
		{134A123E-A7A4-4D93-90A6-83D61DC5125B}.Debug|ARM64.Build.0 = Debug|ARM64
		{134A123E-A7A4-4D93-90A6-83D61DC5125B}.Debug|x64.ActiveCfg = Debug|x64
		{134A123E-A7A4-4D93-90A6-83D61DC5125B}.Debug|x64.Build.0 = Debug|x64
		{134A123E-A7A4-4D93-90A6-83D61DC5125B}.Debug|x86.ActiveCfg = Debug|x86
		{134A123E-A7A4-4D93-90A6-83D61DC5125B}.Debug|x86.Build.0 = Debug|x86
		{134A123E-A7A4-4D93-90A6-83D61DC5125B}.Release|Any CPU.ActiveCfg = Release|Any CPU
		{134A123E-A7A4-4D93-90A6-83D61DC5125B}.Release|Any CPU.Build.0 = Release|Any CPU
		{134A123E-A7A4-4D93-90A6-83D61DC5125B}.Release|ARM.ActiveCfg = Release|ARM
		{134A123E-A7A4-4D93-90A6-83D61DC5125B}.Release|ARM.Build.0 = Release|ARM
		{134A123E-A7A4-4D93-90A6-83D61DC5125B}.Release|ARM64.ActiveCfg = Release|ARM64
		{134A123E-A7A4-4D93-90A6-83D61DC5125B}.Release|ARM64.Build.0 = Release|ARM64
		{134A123E-A7A4-4D93-90A6-83D61DC5125B}.Release|x64.ActiveCfg = Release|x64
		{134A123E-A7A4-4D93-90A6-83D61DC5125B}.Release|x64.Build.0 = Release|x64
		{134A123E-A7A4-4D93-90A6-83D61DC5125B}.Release|x86.ActiveCfg = Release|x86
		{134A123E-A7A4-4D93-90A6-83D61DC5125B}.Release|x86.Build.0 = Release|x86
		{250F0C58-E0D4-4348-A841-955E9E4D9820}.Debug|Any CPU.ActiveCfg = Debug|Any CPU
		{250F0C58-E0D4-4348-A841-955E9E4D9820}.Debug|Any CPU.Build.0 = Debug|Any CPU
		{250F0C58-E0D4-4348-A841-955E9E4D9820}.Debug|ARM.ActiveCfg = Debug|ARM
		{250F0C58-E0D4-4348-A841-955E9E4D9820}.Debug|ARM.Build.0 = Debug|ARM
		{250F0C58-E0D4-4348-A841-955E9E4D9820}.Debug|ARM64.ActiveCfg = Debug|ARM64
		{250F0C58-E0D4-4348-A841-955E9E4D9820}.Debug|ARM64.Build.0 = Debug|ARM64
		{250F0C58-E0D4-4348-A841-955E9E4D9820}.Debug|x64.ActiveCfg = Debug|x64
		{250F0C58-E0D4-4348-A841-955E9E4D9820}.Debug|x64.Build.0 = Debug|x64
		{250F0C58-E0D4-4348-A841-955E9E4D9820}.Debug|x86.ActiveCfg = Debug|x86
		{250F0C58-E0D4-4348-A841-955E9E4D9820}.Debug|x86.Build.0 = Debug|x86
		{250F0C58-E0D4-4348-A841-955E9E4D9820}.Release|Any CPU.ActiveCfg = Release|Any CPU
		{250F0C58-E0D4-4348-A841-955E9E4D9820}.Release|Any CPU.Build.0 = Release|Any CPU
		{250F0C58-E0D4-4348-A841-955E9E4D9820}.Release|ARM.ActiveCfg = Release|ARM
		{250F0C58-E0D4-4348-A841-955E9E4D9820}.Release|ARM.Build.0 = Release|ARM
		{250F0C58-E0D4-4348-A841-955E9E4D9820}.Release|ARM64.ActiveCfg = Release|ARM64
		{250F0C58-E0D4-4348-A841-955E9E4D9820}.Release|ARM64.Build.0 = Release|ARM64
		{250F0C58-E0D4-4348-A841-955E9E4D9820}.Release|x64.ActiveCfg = Release|x64
		{250F0C58-E0D4-4348-A841-955E9E4D9820}.Release|x64.Build.0 = Release|x64
		{250F0C58-E0D4-4348-A841-955E9E4D9820}.Release|x86.ActiveCfg = Release|x86
		{250F0C58-E0D4-4348-A841-955E9E4D9820}.Release|x86.Build.0 = Release|x86
	EndGlobalSection
	GlobalSection(SolutionProperties) = preSolution
		HideSolutionNode = FALSE
	EndGlobalSection
	GlobalSection(ExtensibilityGlobals) = postSolution
		SolutionGuid = {0421588E-9D15-45DC-8E7E-EDD99D80BD60}
	EndGlobalSection
EndGlobal
